
Microsoft Visual Studio Solution File, Format Version 12.00
# Visual Studio 15
VisualStudioVersion = 15.0.28307.489
MinimumVisualStudioVersion = 10.0.40219.1
Project("{9A19103F-16F7-4668-BE54-9A1E7A4F7556}") = "IMDB_WebAPI", "IMDB_WebAPI\IMDB_WebAPI.csproj", "{54E4B971-7B49-4668-9343-E26FF94BAFFD}"
EndProject
Project("{9A19103F-16F7-4668-BE54-9A1E7A4F7556}") = "Entity", "Entity\Entity.csproj", "{61A0F056-CA7D-4C7A-8EE7-A02C114BF9F9}"
EndProject
Project("{FAE04EC0-301F-11D3-BF4B-00C04F79EFBC}") = "Manager", "Manager\Manager.csproj", "{556DB33E-6A9A-417D-9FB0-FBEDA868DBBD}"
EndProject
Global
	GlobalSection(SolutionConfigurationPlatforms) = preSolution
		Debug|Any CPU = Debug|Any CPU
		Release|Any CPU = Release|Any CPU
	EndGlobalSection
	GlobalSection(ProjectConfigurationPlatforms) = postSolution
		{54E4B971-7B49-4668-9343-E26FF94BAFFD}.Debug|Any CPU.ActiveCfg = Debug|Any CPU
		{54E4B971-7B49-4668-9343-E26FF94BAFFD}.Debug|Any CPU.Build.0 = Debug|Any CPU
		{54E4B971-7B49-4668-9343-E26FF94BAFFD}.Release|Any CPU.ActiveCfg = Release|Any CPU
		{54E4B971-7B49-4668-9343-E26FF94BAFFD}.Release|Any CPU.Build.0 = Release|Any CPU
		{61A0F056-CA7D-4C7A-8EE7-A02C114BF9F9}.Debug|Any CPU.ActiveCfg = Debug|Any CPU
		{61A0F056-CA7D-4C7A-8EE7-A02C114BF9F9}.Debug|Any CPU.Build.0 = Debug|Any CPU
		{61A0F056-CA7D-4C7A-8EE7-A02C114BF9F9}.Release|Any CPU.ActiveCfg = Release|Any CPU
		{61A0F056-CA7D-4C7A-8EE7-A02C114BF9F9}.Release|Any CPU.Build.0 = Release|Any CPU
		{556DB33E-6A9A-417D-9FB0-FBEDA868DBBD}.Debug|Any CPU.ActiveCfg = Debug|Any CPU
		{556DB33E-6A9A-417D-9FB0-FBEDA868DBBD}.Debug|Any CPU.Build.0 = Debug|Any CPU
		{556DB33E-6A9A-417D-9FB0-FBEDA868DBBD}.Release|Any CPU.ActiveCfg = Release|Any CPU
		{556DB33E-6A9A-417D-9FB0-FBEDA868DBBD}.Release|Any CPU.Build.0 = Release|Any CPU
	EndGlobalSection
	GlobalSection(SolutionProperties) = preSolution
		HideSolutionNode = FALSE
	EndGlobalSection
	GlobalSection(ExtensibilityGlobals) = postSolution
		SolutionGuid = {EEE2A116-E93A-4007-A739-AC55321B2D25}
	EndGlobalSection
EndGlobal
